
Microsoft Visual Studio Solution File, Format Version 12.00
# Visual Studio 15
VisualStudioVersion = 15.0.33919.361
MinimumVisualStudioVersion = 10.0.40219.1
Project("{FAE04EC0-301F-11D3-BF4B-00C04F79EFBC}") = "proyectoEFW", "proyectoEFW\proyectoEFW.csproj", "{B3F33C55-6084-42A2-BDDC-2B5C88A3A5EF}"
EndProject
Global
	GlobalSection(SolutionConfigurationPlatforms) = preSolution
		Debug|Any CPU = Debug|Any CPU
		Release|Any CPU = Release|Any CPU
	EndGlobalSection
	GlobalSection(ProjectConfigurationPlatforms) = postSolution
		{B3F33C55-6084-42A2-BDDC-2B5C88A3A5EF}.Debug|Any CPU.ActiveCfg = Debug|Any CPU
		{B3F33C55-6084-42A2-BDDC-2B5C88A3A5EF}.Debug|Any CPU.Build.0 = Debug|Any CPU
		{B3F33C55-6084-42A2-BDDC-2B5C88A3A5EF}.Release|Any CPU.ActiveCfg = Release|Any CPU
		{B3F33C55-6084-42A2-BDDC-2B5C88A3A5EF}.Release|Any CPU.Build.0 = Release|Any CPU
	EndGlobalSection
	GlobalSection(SolutionProperties) = preSolution
		HideSolutionNode = FALSE
	EndGlobalSection
	GlobalSection(ExtensibilityGlobals) = postSolution
		SolutionGuid = {E7A2CC03-41BF-4808-B306-A4CC359CCB68}
	EndGlobalSection
EndGlobal
